
Microsoft Visual Studio Solution File, Format Version 12.00
# Visual Studio Version 16
VisualStudioVersion = 16.0.31005.135
MinimumVisualStudioVersion = 10.0.40219.1
Project("{FAE04EC0-301F-11D3-BF4B-00C04F79EFBC}") = "sudo", "sudo\sudo.csproj", "{72A6D5C8-1511-42B9-8F95-F3CB8289FF3C}"
EndProject
Global
	GlobalSection(SolutionConfigurationPlatforms) = preSolution
		Debug|Any CPU = Debug|Any CPU
		Release|Any CPU = Release|Any CPU
	EndGlobalSection
	GlobalSection(ProjectConfigurationPlatforms) = postSolution
		{72A6D5C8-1511-42B9-8F95-F3CB8289FF3C}.Debug|Any CPU.ActiveCfg = Debug|Any CPU
		{72A6D5C8-1511-42B9-8F95-F3CB8289FF3C}.Debug|Any CPU.Build.0 = Debug|Any CPU
		{72A6D5C8-1511-42B9-8F95-F3CB8289FF3C}.Release|Any CPU.ActiveCfg = Release|Any CPU
		{72A6D5C8-1511-42B9-8F95-F3CB8289FF3C}.Release|Any CPU.Build.0 = Release|Any CPU
	EndGlobalSection
	GlobalSection(SolutionProperties) = preSolution
		HideSolutionNode = FALSE
	EndGlobalSection
	GlobalSection(ExtensibilityGlobals) = postSolution
		SolutionGuid = {BBF4B873-0ADF-45B2-8227-A605E66B4E03}
	EndGlobalSection
EndGlobal
